{
  "name": "testdep",
  "version": "1.0.0",
  "lockfileVersion": 1,
  "requires": true,
  "dependencies": {
    "bar": {
      "version": "file:bar",
      "requires": {
        "ioredis": "^2.5.0"
      },
      "dependencies": {
        "bluebird": {
          "version": "3.5.1",
          "bundled": true
        },
        "cluster-key-slot": {
          "version": "1.0.9",
          "bundled": true
        },
        "debug": {
          "version": "2.6.9",
          "bundled": true,
          "requires": {
            "ms": "2.0.0"
          }
        },
        "double-ended-queue": {
          "version": "2.1.0-0",
          "bundled": true
        },
        "flexbuffer": {
          "version": "0.0.6",
          "bundled": true
        },
        "ioredis": {
          "version": "2.5.0",
          "bundled": true,
          "requires": {
            "bluebird": "^3.3.4",
            "cluster-key-slot": "^1.0.6",
            "debug": "^2.2.0",
            "double-ended-queue": "^2.1.0-0",
            "flexbuffer": "0.0.6",
            "lodash": "^4.8.2",
            "redis-commands": "^1.2.0",
            "redis-parser": "^1.3.0"
          }
        },
        "lodash": {
          "version": "4.17.10",
          "bundled": true
        },
        "ms": {
          "version": "2.0.0",
          "bundled": true
        },
        "redis-commands": {
          "version": "1.3.5",
          "bundled": true
        },
        "redis-parser": {
          "version": "1.3.0",
          "bundled": true
        }
      }
    },
    "bluebird": {
      "version": "3.5.1",
      "resolved": "https://registry.npmjs.org/bluebird/-/bluebird-3.5.1.tgz",
      "integrity": "sha512-MKiLiV+I1AA596t9w1sQJ8jkiSr5+ZKi0WKrYGUn6d1Fx+Ij4tIj+m2WMQSGczs5jZVxV339chE8iwk6F64wjA==",
      "dev": true
    },
    "cluster-key-slot": {
      "version": "1.0.9",
      "resolved": "https://registry.npmjs.org/cluster-key-slot/-/cluster-key-slot-1.0.9.tgz",
      "integrity": "sha512-NHiq3CUXSvG7rhGaUt3/urwIl1kk8jcrW18p0oogi1noGAahjFpCE/jDvQH27/z9SWnRaodgiHnZYmbMGDcKuA==",
      "dev": true
    },
    "debug": {
      "version": "2.6.9",
      "resolved": "https://registry.npmjs.org/debug/-/debug-2.6.9.tgz",
      "integrity": "sha512-bC7ElrdJaJnPbAP+1EotYvqZsb3ecl5wi6Bfi6BJTUcNowp6cvspg0jXznRTKDjm/E7AdgFBVeAPVMNcKGsHMA==",
      "dev": true,
      "requires": {
        "ms": "2.0.0"
      }
    },
    "double-ended-queue": {
      "version": "2.1.0-0",
      "resolved": "https://registry.npmjs.org/double-ended-queue/-/double-ended-queue-2.1.0-0.tgz",
      "integrity": "sha1-ED01J/0xUo9AGIEwyEHv3XgmTlw=",
      "dev": true
    },
    "flexbuffer": {
      "version": "0.0.6",
      "resolved": "https://registry.npmjs.org/flexbuffer/-/flexbuffer-0.0.6.tgz",
      "integrity": "sha1-A5/fI/iCPkQMOPMnfm/vEXQhWzA=",
      "dev": true
    },
    "foo": {
      "version": "file:foo",
      "requires": {
        "ioredis": "^3.2.2"
      },
      "dependencies": {
        "bluebird": {
          "version": "3.5.1",
          "bundled": true
        },
        "cluster-key-slot": {
          "version": "1.0.9",
          "bundled": true
        },
        "debug": {
          "version": "2.6.9",
          "bundled": true,
          "requires": {
            "ms": "2.0.0"
          }
        },
        "denque": {
          "version": "1.2.3",
          "bundled": true
        },
        "flexbuffer": {
          "version": "0.0.6",
          "bundled": true
        },
        "ioredis": {
          "version": "3.2.2",
          "bundled": true,
          "requires": {
            "bluebird": "^3.3.4",
            "cluster-key-slot": "^1.0.6",
            "debug": "^2.6.9",
            "denque": "^1.1.0",
            "flexbuffer": "0.0.6",
            "lodash.assign": "^4.2.0",
            "lodash.bind": "^4.2.1",
            "lodash.clone": "^4.5.0",
            "lodash.clonedeep": "^4.5.0",
            "lodash.defaults": "^4.2.0",
            "lodash.difference": "^4.5.0",
            "lodash.flatten": "^4.4.0",
            "lodash.foreach": "^4.5.0",
            "lodash.isempty": "^4.4.0",
            "lodash.keys": "^4.2.0",
            "lodash.noop": "^3.0.1",
            "lodash.partial": "^4.2.1",
            "lodash.pick": "^4.4.0",
            "lodash.sample": "^4.2.1",
            "lodash.shuffle": "^4.2.0",
            "lodash.values": "^4.3.0",
            "redis-commands": "^1.2.0",
            "redis-parser": "^2.4.0"
          }
        },
        "lodash.assign": {
          "version": "4.2.0",
          "bundled": true
        },
        "lodash.bind": {
          "version": "4.2.1",
          "bundled": true
        },
        "lodash.clone": {
          "version": "4.5.0",
          "bundled": true
        },
        "lodash.clonedeep": {
          "version": "4.5.0",
          "bundled": true
        },
        "lodash.defaults": {
          "version": "4.2.0",
          "bundled": true
        },
        "lodash.difference": {
          "version": "4.5.0",
          "bundled": true
        },
        "lodash.flatten": {
          "version": "4.4.0",
          "bundled": true
        },
        "lodash.foreach": {
          "version": "4.5.0",
          "bundled": true
        },
        "lodash.isempty": {
          "version": "4.4.0",
          "bundled": true
        },
        "lodash.keys": {
          "version": "4.2.0",
          "bundled": true
        },
        "lodash.noop": {
          "version": "3.0.1",
          "bundled": true
        },
        "lodash.partial": {
          "version": "4.2.1",
          "bundled": true
        },
        "lodash.pick": {
          "version": "4.4.0",
          "bundled": true
        },
        "lodash.sample": {
          "version": "4.2.1",
          "bundled": true
        },
        "lodash.shuffle": {
          "version": "4.2.0",
          "bundled": true
        },
        "lodash.values": {
          "version": "4.3.0",
          "bundled": true
        },
        "ms": {
          "version": "2.0.0",
          "bundled": true
        },
        "redis-commands": {
          "version": "1.3.5",
          "bundled": true
        },
        "redis-parser": {
          "version": "2.6.0",
          "bundled": true
        }
      }
    },
    "ioredis": {
      "version": "2.5.0",
      "resolved": "https://registry.npmjs.org/ioredis/-/ioredis-2.5.0.tgz",
      "integrity": "sha1-+2/fChp+CXRhTGe25eETCKjPlbk=",
      "dev": true,
      "requires": {
        "bluebird": "^3.3.4",
        "cluster-key-slot": "^1.0.6",
        "debug": "^2.2.0",
        "double-ended-queue": "^2.1.0-0",
        "flexbuffer": "0.0.6",
        "lodash": "^4.8.2",
        "redis-commands": "^1.2.0",
        "redis-parser": "^1.3.0"
      }
    },
    "lodash": {
      "version": "4.17.10",
      "resolved": "https://registry.npmjs.org/lodash/-/lodash-4.17.10.tgz",
      "integrity": "sha512-UejweD1pDoXu+AD825lWwp4ZGtSwgnpZxb3JDViD7StjQz+Nb/6l093lx4OQ0foGWNRoc19mWy7BzL+UAK2iVg==",
      "dev": true
    },
    "ms": {
      "version": "2.0.0",
      "resolved": "https://registry.npmjs.org/ms/-/ms-2.0.0.tgz",
      "integrity": "sha1-VgiurfwAvmwpAd9fmGF4jeDVl8g=",
      "dev": true
    },
    "redis-commands": {
      "version": "1.3.5",
      "resolved": "https://registry.npmjs.org/redis-commands/-/redis-commands-1.3.5.tgz",
      "integrity": "sha512-foGF8u6MXGFF++1TZVC6icGXuMYPftKXt1FBT2vrfU9ZATNtZJ8duRC5d1lEfE8hyVe3jhelHGB91oB7I6qLsA==",
      "dev": true
    },
    "redis-parser": {
      "version": "1.3.0",
      "resolved": "https://registry.npmjs.org/redis-parser/-/redis-parser-1.3.0.tgz",
      "integrity": "sha1-gG6+e7+3005NfB6e8oLvz60EEmo=",
      "dev": true
    }
  }
}
